
Microsoft Visual Studio Solution File, Format Version 12.00
# Visual Studio Version 17
VisualStudioVersion = 17.3.32811.315
MinimumVisualStudioVersion = 10.0.40219.1
Project("{9A19103F-16F7-4668-BE54-9A1E7A4F7556}") = "SelfieAWookie.API", "SelfieAWookie.API\SelfieAWookie.API.csproj", "{53FD100D-7E16-4DCB-A2D9-8D2A96F9820A}"
EndProject
Project("{FAE04EC0-301F-11D3-BF4B-00C04F79EFBC}") = "TestWebAPI", "TestWebAPI\TestWebAPI.csproj", "{304943AB-6006-497E-9DCB-EC2CE7281308}"
EndProject
Project("{FAE04EC0-301F-11D3-BF4B-00C04F79EFBC}") = "SelfieAWookie.Data", "SelfieAWookie.Data\SelfieAWookie.Data.csproj", "{FAF0827B-B298-49C4-A04C-56EAEAAFBA13}"
EndProject
Project("{2150E333-8FDC-42A3-9474-1A3956D46DE8}") = "Libs", "Libs", "{E7B6E752-AE9F-4E68-BD0C-8AF2B485706C}"
EndProject
Project("{2150E333-8FDC-42A3-9474-1A3956D46DE8}") = "Tests", "Tests", "{C20D904E-534C-46F4-8193-F762B3E5697B}"
EndProject
Global
	GlobalSection(SolutionConfigurationPlatforms) = preSolution
		Debug|Any CPU = Debug|Any CPU
		Release|Any CPU = Release|Any CPU
	EndGlobalSection
	GlobalSection(ProjectConfigurationPlatforms) = postSolution
		{53FD100D-7E16-4DCB-A2D9-8D2A96F9820A}.Debug|Any CPU.ActiveCfg = Debug|Any CPU
		{53FD100D-7E16-4DCB-A2D9-8D2A96F9820A}.Debug|Any CPU.Build.0 = Debug|Any CPU
		{53FD100D-7E16-4DCB-A2D9-8D2A96F9820A}.Release|Any CPU.ActiveCfg = Release|Any CPU
		{53FD100D-7E16-4DCB-A2D9-8D2A96F9820A}.Release|Any CPU.Build.0 = Release|Any CPU
		{304943AB-6006-497E-9DCB-EC2CE7281308}.Debug|Any CPU.ActiveCfg = Debug|Any CPU
		{304943AB-6006-497E-9DCB-EC2CE7281308}.Debug|Any CPU.Build.0 = Debug|Any CPU
		{304943AB-6006-497E-9DCB-EC2CE7281308}.Release|Any CPU.ActiveCfg = Release|Any CPU
		{304943AB-6006-497E-9DCB-EC2CE7281308}.Release|Any CPU.Build.0 = Release|Any CPU
		{FAF0827B-B298-49C4-A04C-56EAEAAFBA13}.Debug|Any CPU.ActiveCfg = Debug|Any CPU
		{FAF0827B-B298-49C4-A04C-56EAEAAFBA13}.Debug|Any CPU.Build.0 = Debug|Any CPU
		{FAF0827B-B298-49C4-A04C-56EAEAAFBA13}.Release|Any CPU.ActiveCfg = Release|Any CPU
		{FAF0827B-B298-49C4-A04C-56EAEAAFBA13}.Release|Any CPU.Build.0 = Release|Any CPU
	EndGlobalSection
	GlobalSection(SolutionProperties) = preSolution
		HideSolutionNode = FALSE
	EndGlobalSection
	GlobalSection(NestedProjects) = preSolution
		{304943AB-6006-497E-9DCB-EC2CE7281308} = {C20D904E-534C-46F4-8193-F762B3E5697B}
		{FAF0827B-B298-49C4-A04C-56EAEAAFBA13} = {E7B6E752-AE9F-4E68-BD0C-8AF2B485706C}
	EndGlobalSection
	GlobalSection(ExtensibilityGlobals) = postSolution
		SolutionGuid = {79BF58A1-D0E1-4624-97AD-4C1DA19DE342}
	EndGlobalSection
EndGlobal
